
Microsoft Visual Studio Solution File, Format Version 12.00
# Visual Studio Version 17
VisualStudioVersion = 17.9.34616.47
MinimumVisualStudioVersion = 10.0.40219.1
Project("{888888A0-9F3D-457C-B088-3A5042F75D52}") = "DungeonQuest", "DungeonQuest.pyproj", "{8D098D41-25D3-4FE5-8CAA-5181D9348737}"
EndProject
Global
	GlobalSection(SolutionConfigurationPlatforms) = preSolution
		Debug|Any CPU = Debug|Any CPU
		Release|Any CPU = Release|Any CPU
	EndGlobalSection
	GlobalSection(ProjectConfigurationPlatforms) = postSolution
		{8D098D41-25D3-4FE5-8CAA-5181D9348737}.Debug|Any CPU.ActiveCfg = Debug|Any CPU
		{8D098D41-25D3-4FE5-8CAA-5181D9348737}.Release|Any CPU.ActiveCfg = Release|Any CPU
	EndGlobalSection
	GlobalSection(SolutionProperties) = preSolution
		HideSolutionNode = FALSE
	EndGlobalSection
	GlobalSection(ExtensibilityGlobals) = postSolution
		SolutionGuid = {2F93F1D2-7476-426C-9B8C-AFAC2D6159F5}
	EndGlobalSection
EndGlobal
